
Microsoft Visual Studio Solution File, Format Version 12.00
# Visual Studio Version 16
VisualStudioVersion = 16.0.31402.337
MinimumVisualStudioVersion = 10.0.40219.1
Project("{FAE04EC0-301F-11D3-BF4B-00C04F79EFBC}") = "Kongossa", "Kongossa.csproj", "{0A1F0FA3-127E-4AC0-9F08-9C9EB54D2A15}"
EndProject
Global
	GlobalSection(SolutionConfigurationPlatforms) = preSolution
		Debug|Any CPU = Debug|Any CPU
		Release|Any CPU = Release|Any CPU
	EndGlobalSection
	GlobalSection(ProjectConfigurationPlatforms) = postSolution
		{0A1F0FA3-127E-4AC0-9F08-9C9EB54D2A15}.Debug|Any CPU.ActiveCfg = Debug|Any CPU
		{0A1F0FA3-127E-4AC0-9F08-9C9EB54D2A15}.Debug|Any CPU.Build.0 = Debug|Any CPU
		{0A1F0FA3-127E-4AC0-9F08-9C9EB54D2A15}.Release|Any CPU.ActiveCfg = Release|Any CPU
		{0A1F0FA3-127E-4AC0-9F08-9C9EB54D2A15}.Release|Any CPU.Build.0 = Release|Any CPU
	EndGlobalSection
	GlobalSection(SolutionProperties) = preSolution
		HideSolutionNode = FALSE
	EndGlobalSection
	GlobalSection(ExtensibilityGlobals) = postSolution
		SolutionGuid = {B4AD9E5D-A79D-42D0-BC7E-4CD928097A67}
	EndGlobalSection
EndGlobal
